
Microsoft Visual Studio Solution File, Format Version 12.00
# Visual Studio Version 16
VisualStudioVersion = 16.0.30517.126
MinimumVisualStudioVersion = 10.0.40219.1
Project("{9A19103F-16F7-4668-BE54-9A1E7A4F7556}") = "pe1.Webshop.Web", "Wba.PE1.Webshop.Web\pe1.Webshop.Web.csproj", "{0DC13295-9AFF-44FB-BC27-BB2134190D9A}"
EndProject
Project("{9A19103F-16F7-4668-BE54-9A1E7A4F7556}") = "PE1.Webshop.Domain", "Wba.PE1.Webshop.Domain\PE1.Webshop.Domain.csproj", "{30CB0572-4B14-492B-BFB4-946C4C025623}"
EndProject
Global
	GlobalSection(SolutionConfigurationPlatforms) = preSolution
		Debug|Any CPU = Debug|Any CPU
		Release|Any CPU = Release|Any CPU
	EndGlobalSection
	GlobalSection(ProjectConfigurationPlatforms) = postSolution
		{0DC13295-9AFF-44FB-BC27-BB2134190D9A}.Debug|Any CPU.ActiveCfg = Debug|Any CPU
		{0DC13295-9AFF-44FB-BC27-BB2134190D9A}.Debug|Any CPU.Build.0 = Debug|Any CPU
		{0DC13295-9AFF-44FB-BC27-BB2134190D9A}.Release|Any CPU.ActiveCfg = Release|Any CPU
		{0DC13295-9AFF-44FB-BC27-BB2134190D9A}.Release|Any CPU.Build.0 = Release|Any CPU
		{30CB0572-4B14-492B-BFB4-946C4C025623}.Debug|Any CPU.ActiveCfg = Debug|Any CPU
		{30CB0572-4B14-492B-BFB4-946C4C025623}.Debug|Any CPU.Build.0 = Debug|Any CPU
		{30CB0572-4B14-492B-BFB4-946C4C025623}.Release|Any CPU.ActiveCfg = Release|Any CPU
		{30CB0572-4B14-492B-BFB4-946C4C025623}.Release|Any CPU.Build.0 = Release|Any CPU
	EndGlobalSection
	GlobalSection(SolutionProperties) = preSolution
		HideSolutionNode = FALSE
	EndGlobalSection
	GlobalSection(ExtensibilityGlobals) = postSolution
		SolutionGuid = {4C801823-59EC-43B2-9847-5A49DB35DD10}
	EndGlobalSection
EndGlobal
